lockfileVersion: '6.1'

settings:
  autoInstallPeers: true
  excludeLinksFromLockfile: false

dependencies:
  '@maverick-js/signals':
    specifier: ^5.11.2
    version: 5.11.2

packages:

  /@maverick-js/signals@5.11.2:
    resolution: {integrity: sha512-jKAyNE2O7H+xrigPoqdV0Iq2AeQ6cysfBf/b2jasJ4FfCUKjGyazgtp+pIspTW6skFvpPrvq40Qft+7HuR+Tlg==}
    dev: false
